
Microsoft Visual Studio Solution File, Format Version 12.00
# Visual Studio Version 16
VisualStudioVersion = 16.0.30611.23
MinimumVisualStudioVersion = 10.0.40219.1
Project("{FAE04EC0-301F-11D3-BF4B-00C04F79EFBC}") = "Puzzle2-2", "Puzzle2-2\Puzzle2-2.csproj", "{1790E495-A463-4370-ACC0-1AE9ED531E8B}"
EndProject
Global
	GlobalSection(SolutionConfigurationPlatforms) = preSolution
		Debug|Any CPU = Debug|Any CPU
		Release|Any CPU = Release|Any CPU
	EndGlobalSection
	GlobalSection(ProjectConfigurationPlatforms) = postSolution
		{1790E495-A463-4370-ACC0-1AE9ED531E8B}.Debug|Any CPU.ActiveCfg = Debug|Any CPU
		{1790E495-A463-4370-ACC0-1AE9ED531E8B}.Debug|Any CPU.Build.0 = Debug|Any CPU
		{1790E495-A463-4370-ACC0-1AE9ED531E8B}.Release|Any CPU.ActiveCfg = Release|Any CPU
		{1790E495-A463-4370-ACC0-1AE9ED531E8B}.Release|Any CPU.Build.0 = Release|Any CPU
	EndGlobalSection
	GlobalSection(SolutionProperties) = preSolution
		HideSolutionNode = FALSE
	EndGlobalSection
	GlobalSection(ExtensibilityGlobals) = postSolution
		SolutionGuid = {57613D2B-5EA6-434E-B912-827D75F724FE}
	EndGlobalSection
EndGlobal
