
Microsoft Visual Studio Solution File, Format Version 12.00
# Visual Studio Version 16
VisualStudioVersion = 16.0.30611.23
MinimumVisualStudioVersion = 10.0.40219.1
Project("{FAE04EC0-301F-11D3-BF4B-00C04F79EFBC}") = "Hello", "Hello\Hello.csproj", "{C5F908C9-5D92-4EAA-827B-D6F616EC1AD8}"
EndProject
Global
	GlobalSection(SolutionConfigurationPlatforms) = preSolution
		Debug|Any CPU = Debug|Any CPU
		Release|Any CPU = Release|Any CPU
	EndGlobalSection
	GlobalSection(ProjectConfigurationPlatforms) = postSolution
		{C5F908C9-5D92-4EAA-827B-D6F616EC1AD8}.Debug|Any CPU.ActiveCfg = Debug|Any CPU
		{C5F908C9-5D92-4EAA-827B-D6F616EC1AD8}.Debug|Any CPU.Build.0 = Debug|Any CPU
		{C5F908C9-5D92-4EAA-827B-D6F616EC1AD8}.Release|Any CPU.ActiveCfg = Release|Any CPU
		{C5F908C9-5D92-4EAA-827B-D6F616EC1AD8}.Release|Any CPU.Build.0 = Release|Any CPU
	EndGlobalSection
	GlobalSection(SolutionProperties) = preSolution
		HideSolutionNode = FALSE
	EndGlobalSection
	GlobalSection(ExtensibilityGlobals) = postSolution
		SolutionGuid = {409A2DB1-17F3-4C15-9988-F985D392D686}
	EndGlobalSection
EndGlobal
