
Microsoft Visual Studio Solution File, Format Version 12.00
# Visual Studio Version 16
VisualStudioVersion = 16.0.30611.23
MinimumVisualStudioVersion = 10.0.40219.1
Project("{FAE04EC0-301F-11D3-BF4B-00C04F79EFBC}") = "PassordGenerator", "PassordGenerator\PassordGenerator.csproj", "{DB51F13A-6EAB-47B6-BFC3-05755A3D674B}"
EndProject
Global
	GlobalSection(SolutionConfigurationPlatforms) = preSolution
		Debug|Any CPU = Debug|Any CPU
		Release|Any CPU = Release|Any CPU
	EndGlobalSection
	GlobalSection(ProjectConfigurationPlatforms) = postSolution
		{DB51F13A-6EAB-47B6-BFC3-05755A3D674B}.Debug|Any CPU.ActiveCfg = Debug|Any CPU
		{DB51F13A-6EAB-47B6-BFC3-05755A3D674B}.Debug|Any CPU.Build.0 = Debug|Any CPU
		{DB51F13A-6EAB-47B6-BFC3-05755A3D674B}.Release|Any CPU.ActiveCfg = Release|Any CPU
		{DB51F13A-6EAB-47B6-BFC3-05755A3D674B}.Release|Any CPU.Build.0 = Release|Any CPU
	EndGlobalSection
	GlobalSection(SolutionProperties) = preSolution
		HideSolutionNode = FALSE
	EndGlobalSection
	GlobalSection(ExtensibilityGlobals) = postSolution
		SolutionGuid = {A3835C7B-E14B-4DDE-99B3-C3C0CC9CF2B8}
	EndGlobalSection
EndGlobal
